
Microsoft Visual Studio Solution File, Format Version 12.00
# Visual Studio Version 16
VisualStudioVersion = 16.0.30011.22
MinimumVisualStudioVersion = 10.0.40219.1
Project("{9A19103F-16F7-4668-BE54-9A1E7A4F7556}") = "MinIORabbitMQReceiver", "MinIORabbitMQReceiver\MinIORabbitMQReceiver.csproj", "{959025EF-C8D3-4603-8A8F-CA5030E71477}"
EndProject
Project("{9A19103F-16F7-4668-BE54-9A1E7A4F7556}") = "MinIORabbitMQSender", "MinIORabbitMQSender\MinIORabbitMQSender.csproj", "{F151B9E3-FA77-4722-B3F7-8C83CF837A28}"
EndProject
Global
	GlobalSection(SolutionConfigurationPlatforms) = preSolution
		Debug|Any CPU = Debug|Any CPU
		Release|Any CPU = Release|Any CPU
	EndGlobalSection
	GlobalSection(ProjectConfigurationPlatforms) = postSolution
		{959025EF-C8D3-4603-8A8F-CA5030E71477}.Debug|Any CPU.ActiveCfg = Debug|Any CPU
		{959025EF-C8D3-4603-8A8F-CA5030E71477}.Debug|Any CPU.Build.0 = Debug|Any CPU
		{959025EF-C8D3-4603-8A8F-CA5030E71477}.Release|Any CPU.ActiveCfg = Release|Any CPU
		{959025EF-C8D3-4603-8A8F-CA5030E71477}.Release|Any CPU.Build.0 = Release|Any CPU
		{F151B9E3-FA77-4722-B3F7-8C83CF837A28}.Debug|Any CPU.ActiveCfg = Debug|Any CPU
		{F151B9E3-FA77-4722-B3F7-8C83CF837A28}.Debug|Any CPU.Build.0 = Debug|Any CPU
		{F151B9E3-FA77-4722-B3F7-8C83CF837A28}.Release|Any CPU.ActiveCfg = Release|Any CPU
		{F151B9E3-FA77-4722-B3F7-8C83CF837A28}.Release|Any CPU.Build.0 = Release|Any CPU
	EndGlobalSection
	GlobalSection(SolutionProperties) = preSolution
		HideSolutionNode = FALSE
	EndGlobalSection
	GlobalSection(ExtensibilityGlobals) = postSolution
		SolutionGuid = {627B3640-7563-4924-814C-723BDB8A375B}
	EndGlobalSection
EndGlobal
